<?xml version="1.0" encoding="utf-8"?>
<Project ToolsVersion="4.0" xmlns="http://schemas.microsoft.com/developer/msbuild/2003">
  <ItemGroup>
    <Filter Include="Source Files">
      <UniqueIdentifier>{4FC737F1-C7A5-4376-A066-2A32D752A2FF}</UniqueIdentifier>
      <Extensions>cpp;cxx;c;def</Extensions>
    </Filter>
    <Filter Include="Header Files">
      <UniqueIdentifier>{93995380-89BD-4b04-88EB-625FBE52EBFB}</UniqueIdentifier>
      <Extensions>h</Extensions>
    </Filter>
    <Filter Include="Form Files">
      <UniqueIdentifier>{99349809-55BA-4b9d-BF79-8FDBB0286EB3}</UniqueIdentifier>
      <Extensions>ui</Extensions>
    </Filter>
    <Filter Include="Resource Files">
      <UniqueIdentifier>{D9D6E242-F8AF-46E4-B9FD-80ECBC20BA3E}</UniqueIdentifier>
      <Extensions>qrc;*</Extensions>
      <ParseFiles>false</ParseFiles>
    </Filter>
    <Filter Include="Generated Files">
      <UniqueIdentifier>{71ED8ED8-ACB9-4CE9-BBE1-E00B30144E11}</UniqueIdentifier>
      <Extensions>moc;h;cpp</Extensions>
      <SourceControlFiles>False</SourceControlFiles>
    </Filter>
    <Filter Include="Generated Files\Debug">
      <UniqueIdentifier>{8e7a2849-ab4f-490e-b467-eff7f8b40a9b}</UniqueIdentifier>
      <Extensions>cpp;moc</Extensions>
      <SourceControlFiles>False</SourceControlFiles>
    </Filter>
    <Filter Include="Generated Files\Release">
      <UniqueIdentifier>{4c86bca3-1b9e-40ec-a8a2-86416afaccdb}</UniqueIdentifier>
      <Extensions>cpp;moc</Extensions>
      <SourceControlFiles>False</SourceControlFiles>
    </Filter>
    <Filter Include="Header Files\global">
      <UniqueIdentifier>{dc6a243a-f6cf-49bb-9e17-ebee7b6ebd39}</UniqueIdentifier>
    </Filter>
    <Filter Include="Header Files\particleSystem">
      <UniqueIdentifier>{c280f0e5-9958-4c4b-a0cb-1f9363cd6c2f}</UniqueIdentifier>
    </Filter>
    <Filter Include="Header Files\forces">
      <UniqueIdentifier>{22824b70-add8-4f23-8b16-d96c0e6a2b56}</UniqueIdentifier>
    </Filter>
    <Filter Include="Header Files\solver">
      <UniqueIdentifier>{3b2774d5-4357-4a0a-a5a1-885cebdef24f}</UniqueIdentifier>
    </Filter>
    <Filter Include="Source Files\forces">
      <UniqueIdentifier>{574f8f6c-60a4-420e-81de-3795746e78f8}</UniqueIdentifier>
    </Filter>
    <Filter Include="Source Files\global">
      <UniqueIdentifier>{1ef155ae-e950-4855-8b4f-0103190c435b}</UniqueIdentifier>
    </Filter>
    <Filter Include="Source Files\solver">
      <UniqueIdentifier>{f2de5dd9-7abb-4b98-b506-5be599e5bddf}</UniqueIdentifier>
    </Filter>
    <Filter Include="Source Files\particleSystem">
      <UniqueIdentifier>{d52e0a55-45c0-48e6-a745-031af851cee5}</UniqueIdentifier>
    </Filter>
    <Filter Include="Header Files\matrix">
      <UniqueIdentifier>{efaa52fe-2536-4fc3-8383-019a2b622b3c}</UniqueIdentifier>
    </Filter>
    <Filter Include="Source Files\matrix">
      <UniqueIdentifier>{927fd244-bff3-4768-8c6b-d753cad6d065}</UniqueIdentifier>
    </Filter>
  </ItemGroup>
  <ItemGroup>
    <ClCompile Include="main.cpp">
      <Filter>Source Files</Filter>
    </ClCompile>
    <ClCompile Include="constraineddynamics.cpp">
      <Filter>Source Files</Filter>
    </ClCompile>
    <ClCompile Include="GeneratedFiles\Debug\moc_constraineddynamics.cpp">
      <Filter>Generated Files\Debug</Filter>
    </ClCompile>
    <ClCompile Include="GeneratedFiles\Release\moc_constraineddynamics.cpp">
      <Filter>Generated Files\Release</Filter>
    </ClCompile>
    <ClCompile Include="GeneratedFiles\qrc_constraineddynamics.cpp">
      <Filter>Generated Files</Filter>
    </ClCompile>
    <ClCompile Include="GeneratedFiles\Debug\moc_canvas.cpp">
      <Filter>Generated Files\Debug</Filter>
    </ClCompile>
    <ClCompile Include="GeneratedFiles\Release\moc_canvas.cpp">
      <Filter>Generated Files\Release</Filter>
    </ClCompile>
    <ClCompile Include="BeadOnWire.cpp">
      <Filter>Source Files\particleSystem</Filter>
    </ClCompile>
    <ClCompile Include="canvas.cpp">
      <Filter>Source Files\global</Filter>
    </ClCompile>
    <ClCompile Include="CircleConstrainForce.cpp">
      <Filter>Source Files\forces</Filter>
    </ClCompile>
    <ClCompile Include="Particle.cpp">
      <Filter>Source Files\particleSystem</Filter>
    </ClCompile>
    <ClCompile Include="ParticleSystem.cpp">
      <Filter>Source Files\particleSystem</Filter>
    </ClCompile>
    <ClCompile Include="ODESolver.cpp">
      <Filter>Source Files\solver</Filter>
    </ClCompile>
    <ClCompile Include="DoublePendulum.cpp">
      <Filter>Source Files\particleSystem</Filter>
    </ClCompile>
    <ClCompile Include="DoublePendulumConstrainForce.cpp">
      <Filter>Source Files\forces</Filter>
    </ClCompile>
    <ClCompile Include="functions.cpp">
      <Filter>Source Files\matrix</Filter>
    </ClCompile>
    <ClCompile Include="MATRIX.cpp">
      <Filter>Source Files\matrix</Filter>
    </ClCompile>
    <ClCompile Include="SpringForce.cpp">
      <Filter>Source Files\forces</Filter>
    </ClCompile>
  </ItemGroup>
  <ItemGroup>
    <CustomBuild Include="constraineddynamics.h">
      <Filter>Header Files</Filter>
    </CustomBuild>
    <CustomBuild Include="constraineddynamics.ui">
      <Filter>Form Files</Filter>
    </CustomBuild>
    <CustomBuild Include="constraineddynamics.qrc">
      <Filter>Resource Files</Filter>
    </CustomBuild>
    <CustomBuild Include="canvas.h">
      <Filter>Header Files\global</Filter>
    </CustomBuild>
  </ItemGroup>
  <ItemGroup>
    <ClInclude Include="GeneratedFiles\ui_constraineddynamics.h">
      <Filter>Generated Files</Filter>
    </ClInclude>
    <ClInclude Include="global.h">
      <Filter>Header Files\global</Filter>
    </ClInclude>
    <ClInclude Include="BeadOnWire.h">
      <Filter>Header Files\particleSystem</Filter>
    </ClInclude>
    <ClInclude Include="CircleConstrainForce.h">
      <Filter>Header Files\forces</Filter>
    </ClInclude>
    <ClInclude Include="DoublePendulum.h">
      <Filter>Header Files\particleSystem</Filter>
    </ClInclude>
    <ClInclude Include="DoublePendulumConstrainForce.h">
      <Filter>Header Files\forces</Filter>
    </ClInclude>
    <ClInclude Include="Force.h">
      <Filter>Header Files\forces</Filter>
    </ClInclude>
    <ClInclude Include="Gravity.h">
      <Filter>Header Files\forces</Filter>
    </ClInclude>
    <ClInclude Include="ODESolver.h">
      <Filter>Header Files\solver</Filter>
    </ClInclude>
    <ClInclude Include="Particle.h">
      <Filter>Header Files\particleSystem</Filter>
    </ClInclude>
    <ClInclude Include="ParticleSystem.h">
      <Filter>Header Files\particleSystem</Filter>
    </ClInclude>
    <ClInclude Include="MATRIX.h">
      <Filter>Header Files\matrix</Filter>
    </ClInclude>
    <ClInclude Include="SpringForce.h">
      <Filter>Header Files\forces</Filter>
    </ClInclude>
  </ItemGroup>
</Project>